
Microsoft Visual Studio Solution File, Format Version 12.00
# Visual Studio 15
VisualStudioVersion = 15.0.27428.2043
MinimumVisualStudioVersion = 10.0.40219.1
Project("{FAE04EC0-301F-11D3-BF4B-00C04F79EFBC}") = "Lab1.Specs", "Lab1.Specs\Lab1.Specs.csproj", "{18B97312-D365-4C4D-8C6F-BB054E589282}"
EndProject
Project("{FAE04EC0-301F-11D3-BF4B-00C04F79EFBC}") = "SUT", "SUT\SUT.csproj", "{7BEE3FDC-185B-452A-9D0F-BD2EF322320D}"
EndProject
Project("{FAE04EC0-301F-11D3-BF4B-00C04F79EFBC}") = "Lab2.Specs", "Lab2.Specs\Lab2.Specs.csproj", "{0FF75115-89C3-46CC-BBBB-886D89808881}"
EndProject
Project("{FAE04EC0-301F-11D3-BF4B-00C04F79EFBC}") = "Lab3.Specs", "Lab3.Specs\Lab3.Specs.csproj", "{191F2A5A-2BA2-402F-8AD7-E88D2FBBC73B}"
EndProject
Project("{FAE04EC0-301F-11D3-BF4B-00C04F79EFBC}") = "Lab3.Bindings", "Lab3.Bindings\Lab3.Bindings.csproj", "{3A2013DB-ACAE-4CAF-A106-E055032DF073}"
EndProject
Project("{FAE04EC0-301F-11D3-BF4B-00C04F79EFBC}") = "Lab4.Specs", "Lab4.Specs\Lab4.Specs.csproj", "{9B30AE61-D182-4299-B61E-5A9A19C481F4}"
EndProject
Project("{FAE04EC0-301F-11D3-BF4B-00C04F79EFBC}") = "SUT_MVC", "SUT_MVC\SUT_MVC.csproj", "{2043CFCE-E413-4E97-AA21-5E246EF3A960}"
EndProject
Global
	GlobalSection(SolutionConfigurationPlatforms) = preSolution
		Debug|Any CPU = Debug|Any CPU
		Release|Any CPU = Release|Any CPU
	EndGlobalSection
	GlobalSection(ProjectConfigurationPlatforms) = postSolution
		{18B97312-D365-4C4D-8C6F-BB054E589282}.Debug|Any CPU.ActiveCfg = Debug|Any CPU
		{18B97312-D365-4C4D-8C6F-BB054E589282}.Debug|Any CPU.Build.0 = Debug|Any CPU
		{18B97312-D365-4C4D-8C6F-BB054E589282}.Release|Any CPU.ActiveCfg = Release|Any CPU
		{18B97312-D365-4C4D-8C6F-BB054E589282}.Release|Any CPU.Build.0 = Release|Any CPU
		{7BEE3FDC-185B-452A-9D0F-BD2EF322320D}.Debug|Any CPU.ActiveCfg = Debug|Any CPU
		{7BEE3FDC-185B-452A-9D0F-BD2EF322320D}.Debug|Any CPU.Build.0 = Debug|Any CPU
		{7BEE3FDC-185B-452A-9D0F-BD2EF322320D}.Release|Any CPU.ActiveCfg = Release|Any CPU
		{7BEE3FDC-185B-452A-9D0F-BD2EF322320D}.Release|Any CPU.Build.0 = Release|Any CPU
		{0FF75115-89C3-46CC-BBBB-886D89808881}.Debug|Any CPU.ActiveCfg = Debug|Any CPU
		{0FF75115-89C3-46CC-BBBB-886D89808881}.Debug|Any CPU.Build.0 = Debug|Any CPU
		{0FF75115-89C3-46CC-BBBB-886D89808881}.Release|Any CPU.ActiveCfg = Release|Any CPU
		{0FF75115-89C3-46CC-BBBB-886D89808881}.Release|Any CPU.Build.0 = Release|Any CPU
		{191F2A5A-2BA2-402F-8AD7-E88D2FBBC73B}.Debug|Any CPU.ActiveCfg = Debug|Any CPU
		{191F2A5A-2BA2-402F-8AD7-E88D2FBBC73B}.Debug|Any CPU.Build.0 = Debug|Any CPU
		{191F2A5A-2BA2-402F-8AD7-E88D2FBBC73B}.Release|Any CPU.ActiveCfg = Release|Any CPU
		{191F2A5A-2BA2-402F-8AD7-E88D2FBBC73B}.Release|Any CPU.Build.0 = Release|Any CPU
		{3A2013DB-ACAE-4CAF-A106-E055032DF073}.Debug|Any CPU.ActiveCfg = Debug|Any CPU
		{3A2013DB-ACAE-4CAF-A106-E055032DF073}.Debug|Any CPU.Build.0 = Debug|Any CPU
		{3A2013DB-ACAE-4CAF-A106-E055032DF073}.Release|Any CPU.ActiveCfg = Release|Any CPU
		{3A2013DB-ACAE-4CAF-A106-E055032DF073}.Release|Any CPU.Build.0 = Release|Any CPU
		{9B30AE61-D182-4299-B61E-5A9A19C481F4}.Debug|Any CPU.ActiveCfg = Debug|Any CPU
		{9B30AE61-D182-4299-B61E-5A9A19C481F4}.Debug|Any CPU.Build.0 = Debug|Any CPU
		{9B30AE61-D182-4299-B61E-5A9A19C481F4}.Release|Any CPU.ActiveCfg = Release|Any CPU
		{9B30AE61-D182-4299-B61E-5A9A19C481F4}.Release|Any CPU.Build.0 = Release|Any CPU
		{2043CFCE-E413-4E97-AA21-5E246EF3A960}.Debug|Any CPU.ActiveCfg = Debug|Any CPU
		{2043CFCE-E413-4E97-AA21-5E246EF3A960}.Debug|Any CPU.Build.0 = Debug|Any CPU
		{2043CFCE-E413-4E97-AA21-5E246EF3A960}.Release|Any CPU.ActiveCfg = Release|Any CPU
		{2043CFCE-E413-4E97-AA21-5E246EF3A960}.Release|Any CPU.Build.0 = Release|Any CPU
	EndGlobalSection
	GlobalSection(SolutionProperties) = preSolution
		HideSolutionNode = FALSE
	EndGlobalSection
	GlobalSection(ExtensibilityGlobals) = postSolution
		SolutionGuid = {AD950923-0355-4CEC-BD49-62A95F96BBE5}
	EndGlobalSection
EndGlobal
